{
  "version": 4,
  "terraform_version": "0.13.4",
  "serial": 7,
  "lineage": "2b3fdbf9-498b-6122-1687-45f580ed87a4",
  "outputs": {},
  "resources": [
    {
      "mode": "managed",
      "type": "aws_config_config_rule",
      "name": "cnfr",
      "provider": "provider[\"registry.terraform.io/hashicorp/aws\"]",
      "instances": [
        {
          "schema_version": 0,
          "attributes": {
            "arn": "arn:aws:config:us-east-1:370495748536:config-rule/config-rule-bgi1od",
            "description": "",
            "id": "configrule",
            "input_parameters": "",
            "maximum_execution_frequency": "",
            "name": "configrule",
            "rule_id": "config-rule-bgi1od",
            "scope": [],
            "source": [
              {
                "owner": "AWS",
                "source_detail": [],
                "source_identifier": "CLOUDTRAIL_SECURITY_TRAIL_ENABLED"
              }
            ],
            "tags": null
          },
          "private": "bnVsbA==",
          "dependencies": [
            "aws_config_configuration_recorder.foo"
          ]
        }
      ]
    },
    {
      "mode": "managed",
      "type": "aws_config_configuration_recorder",
      "name": "foo",
      "provider": "provider[\"registry.terraform.io/hashicorp/aws\"]",
      "instances": [
        {
          "schema_version": 0,
          "attributes": {
            "id": "example",
            "name": "example",
            "recording_group": [
              {
                "all_supported": true,
                "include_global_resource_types": false,
                "resource_types": []
              }
            ],
            "role_arn": "arn:aws:iam::370495748536:role/my-awsconfig-role"
          },
          "private": "bnVsbA==",
          "dependencies": [
            "aws_iam_role.r"
          ]
        }
      ]
    },
    {
      "mode": "managed",
      "type": "aws_iam_role",
      "name": "r",
      "provider": "provider[\"registry.terraform.io/hashicorp/aws\"]",
      "instances": [
        {
          "schema_version": 0,
          "attributes": {
            "arn": "arn:aws:iam::370495748536:role/my-awsconfig-role",
            "assume_role_policy": "{\"Version\":\"2012-10-17\",\"Statement\":[{\"Sid\":\"\",\"Effect\":\"Allow\",\"Principal\":{\"Service\":\"config.amazonaws.com\"},\"Action\":\"sts:AssumeRole\"}]}",
            "create_date": "2020-11-11T16:25:36Z",
            "description": "",
            "force_detach_policies": false,
            "id": "my-awsconfig-role",
            "max_session_duration": 3600,
            "name": "my-awsconfig-role",
            "name_prefix": null,
            "path": "/",
            "permissions_boundary": null,
            "tags": {},
            "unique_id": "AROAVMQ2EPG4JOFALGFJF"
          },
          "private": "bnVsbA=="
        }
      ]
    },
    {
      "mode": "managed",
      "type": "aws_iam_role_policy",
      "name": "p",
      "provider": "provider[\"registry.terraform.io/hashicorp/aws\"]",
      "instances": [
        {
          "schema_version": 0,
          "attributes": {
            "id": "my-awsconfig-role:my-awsconfig-policy",
            "name": "my-awsconfig-policy",
            "name_prefix": null,
            "policy": "{\r\n  \"Version\": \"2012-10-17\",\r\n  \"Statement\": [\r\n      {\r\n          \"Action\": \"config:Put*\",\r\n          \"Effect\": \"Allow\",\r\n          \"Resource\": \"*\"\r\n\r\n      }\r\n  ]\r\n}\r\n",
            "role": "my-awsconfig-role"
          },
          "private": "bnVsbA==",
          "dependencies": [
            "aws_iam_role.r"
          ]
        }
      ]
    }
  ]
}
